
Microsoft Visual Studio Solution File, Format Version 12.00
# Visual Studio 15
VisualStudioVersion = 15.0.28307.902
MinimumVisualStudioVersion = 10.0.40219.1
Project("{FAE04EC0-301F-11D3-BF4B-00C04F79EFBC}") = "ExamenModelos", "ExamenModelos\ExamenModelos.csproj", "{654CAAF4-8F4B-4A30-92B7-D7D586CC6110}"
EndProject
Global
	GlobalSection(SolutionConfigurationPlatforms) = preSolution
		Debug|Any CPU = Debug|Any CPU
		Release|Any CPU = Release|Any CPU
	EndGlobalSection
	GlobalSection(ProjectConfigurationPlatforms) = postSolution
		{654CAAF4-8F4B-4A30-92B7-D7D586CC6110}.Debug|Any CPU.ActiveCfg = Debug|Any CPU
		{654CAAF4-8F4B-4A30-92B7-D7D586CC6110}.Debug|Any CPU.Build.0 = Debug|Any CPU
		{654CAAF4-8F4B-4A30-92B7-D7D586CC6110}.Release|Any CPU.ActiveCfg = Release|Any CPU
		{654CAAF4-8F4B-4A30-92B7-D7D586CC6110}.Release|Any CPU.Build.0 = Release|Any CPU
	EndGlobalSection
	GlobalSection(SolutionProperties) = preSolution
		HideSolutionNode = FALSE
	EndGlobalSection
	GlobalSection(ExtensibilityGlobals) = postSolution
		SolutionGuid = {14260ABF-94E9-4D2F-AEA0-FC1A488ABA3D}
	EndGlobalSection
EndGlobal
